
Microsoft Visual Studio Solution File, Format Version 12.00
# Visual Studio Version 17
VisualStudioVersion = 17.14.36221.1
MinimumVisualStudioVersion = 10.0.40219.1
Project("{FAE04EC0-301F-11D3-BF4B-00C04F79EFBC}") = "BlazorAppDateTime", "lesson_01_30.06\BlazorAppDateTime\BlazorAppDateTime\BlazorAppDateTime.csproj", "{ECD4B16E-FB5B-6B30-C3A9-43548EACD419}"
EndProject
Project("{FAE04EC0-301F-11D3-BF4B-00C04F79EFBC}") = "DateTimeApp", "lesson_01_30.06\DateTimeApp\DateTimeApp.csproj", "{76E87AF3-0B18-0CFF-8B67-74D8CAA80F78}"
EndProject
Project("{FAE04EC0-301F-11D3-BF4B-00C04F79EFBC}") = "Print_line", "lesson_01_30.06\Print_line\Print_line.csproj", "{39A2CD27-4EA9-DE91-F101-524838579051}"
EndProject
Project("{FAE04EC0-301F-11D3-BF4B-00C04F79EFBC}") = "TimeWebApp", "lesson_01_30.06\TimeWebApp\TimeWebApp.csproj", "{8BD55B4E-FC6C-A5E4-0B0D-8B4F1E1F9629}"
EndProject
Project("{2150E333-8FDC-42A3-9474-1A3956D46DE8}") = "lesson_01_30.06", "lesson_01_30.06", "{36D591C7-65C7-A0D1-1CBC-10CDE441BDC8}"
EndProject
Project("{2150E333-8FDC-42A3-9474-1A3956D46DE8}") = "lesson_02_02.07", "lesson_02_02.07", "{F9DDB888-815D-4C93-8F54-837151B2C0A8}"
EndProject
Project("{2150E333-8FDC-42A3-9474-1A3956D46DE8}") = "lesson_03_04.07", "lesson_03_04.07", "{E555579A-E0BC-475F-A8DC-291C8C6063A9}"
EndProject
Project("{FAE04EC0-301F-11D3-BF4B-00C04F79EFBC}") = "lesson_03_04.07", "lesson_03_04.07\lesson_03_04.07.csproj", "{D424079C-2174-026A-3C0B-C81BFA09F32F}"
EndProject
Project("{FAE04EC0-301F-11D3-BF4B-00C04F79EFBC}") = "SendingForms", "lesson_02_02.07\SendingForms\SendingForms.csproj", "{EC52758D-4FFE-49FA-9CDA-77E17A5F41EC}"
EndProject
Project("{FAE04EC0-301F-11D3-BF4B-00C04F79EFBC}") = "HW_02.07", "lesson_02_02.07\HW_02.07\HW_02.07.csproj", "{AD90328E-56D0-403D-8952-25FD59F9A391}"
EndProject
Project("{FAE04EC0-301F-11D3-BF4B-00C04F79EFBC}") = "HW_30_06", "lesson_01_30.06\HW_30_06\HW_30_06.csproj", "{0BC15A21-EE49-42B3-808A-5D4CC2C082F3}"
EndProject
Project("{2150E333-8FDC-42A3-9474-1A3956D46DE8}") = "lesson_04_07.07", "lesson_04_07.07", "{3A7ABDB3-927B-4D87-8FA3-E08ECD551F4B}"
EndProject
Project("{FAE04EC0-301F-11D3-BF4B-00C04F79EFBC}") = "SendingFiles", "lesson_04_07.07\SendingFiles\SendingFiles.csproj", "{36B65BF4-CE0E-4224-BC24-FF3D037913F0}"
EndProject
Project("{FAE04EC0-301F-11D3-BF4B-00C04F79EFBC}") = "SendingForms", "lesson_04_07.07\SendingForms\SendingForms.csproj", "{BD519A45-4CA4-4D84-BF84-0BB2C1DD74B7}"
EndProject
Project("{FAE04EC0-301F-11D3-BF4B-00C04F79EFBC}") = "SendingAndReceivingJson", "lesson_04_07.07\SendingAndReceivingJson\SendingAndReceivingJson.csproj", "{91627425-AFFD-4777-BD64-65E34D1443DC}"
EndProject
Project("{2150E333-8FDC-42A3-9474-1A3956D46DE8}") = "lesson_05_09.07", "lesson_05_09.07", "{0978F41C-05D5-461E-8859-6E6798180C9C}"
EndProject
Project("{2150E333-8FDC-42A3-9474-1A3956D46DE8}") = "lesson_06_14.07", "lesson_06_14.07", "{A63D58E4-9313-46CC-9510-C710CE8F1D1E}"
EndProject
Project("{FAE04EC0-301F-11D3-BF4B-00C04F79EFBC}") = "Creating API", "lesson_05_09.07\Creating API\Creating API\Creating API.csproj", "{3F7D9E5B-17BD-FD40-723D-C538F43D0577}"
EndProject
Project("{FAE04EC0-301F-11D3-BF4B-00C04F79EFBC}") = "Creating_API_Use", "lesson_06_14.07\Creating_API_Use\Creating_API_Use\Creating_API_Use.csproj", "{7FF8454D-6DB6-2D04-E9CD-57696214ED40}"
EndProject
Project("{2150E333-8FDC-42A3-9474-1A3956D46DE8}") = "lesson_07_18.07", "lesson_07_18.07", "{1DA055F3-D0B5-45ED-9759-276306296952}"
EndProject
Project("{FAE04EC0-301F-11D3-BF4B-00C04F79EFBC}") = "IWebHostEnvironment", "lesson_07_18.07\IWebHostEnvironment\IWebHostEnvironment.csproj", "{09A68E68-6588-4589-BE0A-9A91D30F970C}"
EndProject
Global
	GlobalSection(SolutionConfigurationPlatforms) = preSolution
		Debug|Any CPU = Debug|Any CPU
		Release|Any CPU = Release|Any CPU
	EndGlobalSection
	GlobalSection(ProjectConfigurationPlatforms) = postSolution
		{ECD4B16E-FB5B-6B30-C3A9-43548EACD419}.Debug|Any CPU.ActiveCfg = Debug|Any CPU
		{ECD4B16E-FB5B-6B30-C3A9-43548EACD419}.Debug|Any CPU.Build.0 = Debug|Any CPU
		{ECD4B16E-FB5B-6B30-C3A9-43548EACD419}.Release|Any CPU.ActiveCfg = Release|Any CPU
		{ECD4B16E-FB5B-6B30-C3A9-43548EACD419}.Release|Any CPU.Build.0 = Release|Any CPU
		{76E87AF3-0B18-0CFF-8B67-74D8CAA80F78}.Debug|Any CPU.ActiveCfg = Debug|Any CPU
		{76E87AF3-0B18-0CFF-8B67-74D8CAA80F78}.Debug|Any CPU.Build.0 = Debug|Any CPU
		{76E87AF3-0B18-0CFF-8B67-74D8CAA80F78}.Release|Any CPU.ActiveCfg = Release|Any CPU
		{76E87AF3-0B18-0CFF-8B67-74D8CAA80F78}.Release|Any CPU.Build.0 = Release|Any CPU
		{39A2CD27-4EA9-DE91-F101-524838579051}.Debug|Any CPU.ActiveCfg = Debug|Any CPU
		{39A2CD27-4EA9-DE91-F101-524838579051}.Debug|Any CPU.Build.0 = Debug|Any CPU
		{39A2CD27-4EA9-DE91-F101-524838579051}.Release|Any CPU.ActiveCfg = Release|Any CPU
		{39A2CD27-4EA9-DE91-F101-524838579051}.Release|Any CPU.Build.0 = Release|Any CPU
		{8BD55B4E-FC6C-A5E4-0B0D-8B4F1E1F9629}.Debug|Any CPU.ActiveCfg = Debug|Any CPU
		{8BD55B4E-FC6C-A5E4-0B0D-8B4F1E1F9629}.Debug|Any CPU.Build.0 = Debug|Any CPU
		{8BD55B4E-FC6C-A5E4-0B0D-8B4F1E1F9629}.Release|Any CPU.ActiveCfg = Release|Any CPU
		{8BD55B4E-FC6C-A5E4-0B0D-8B4F1E1F9629}.Release|Any CPU.Build.0 = Release|Any CPU
		{D424079C-2174-026A-3C0B-C81BFA09F32F}.Debug|Any CPU.ActiveCfg = Debug|Any CPU
		{D424079C-2174-026A-3C0B-C81BFA09F32F}.Debug|Any CPU.Build.0 = Debug|Any CPU
		{D424079C-2174-026A-3C0B-C81BFA09F32F}.Release|Any CPU.ActiveCfg = Release|Any CPU
		{D424079C-2174-026A-3C0B-C81BFA09F32F}.Release|Any CPU.Build.0 = Release|Any CPU
		{EC52758D-4FFE-49FA-9CDA-77E17A5F41EC}.Debug|Any CPU.ActiveCfg = Debug|Any CPU
		{EC52758D-4FFE-49FA-9CDA-77E17A5F41EC}.Debug|Any CPU.Build.0 = Debug|Any CPU
		{EC52758D-4FFE-49FA-9CDA-77E17A5F41EC}.Release|Any CPU.ActiveCfg = Release|Any CPU
		{EC52758D-4FFE-49FA-9CDA-77E17A5F41EC}.Release|Any CPU.Build.0 = Release|Any CPU
		{AD90328E-56D0-403D-8952-25FD59F9A391}.Debug|Any CPU.ActiveCfg = Debug|Any CPU
		{AD90328E-56D0-403D-8952-25FD59F9A391}.Debug|Any CPU.Build.0 = Debug|Any CPU
		{AD90328E-56D0-403D-8952-25FD59F9A391}.Release|Any CPU.ActiveCfg = Release|Any CPU
		{AD90328E-56D0-403D-8952-25FD59F9A391}.Release|Any CPU.Build.0 = Release|Any CPU
		{0BC15A21-EE49-42B3-808A-5D4CC2C082F3}.Debug|Any CPU.ActiveCfg = Debug|Any CPU
		{0BC15A21-EE49-42B3-808A-5D4CC2C082F3}.Debug|Any CPU.Build.0 = Debug|Any CPU
		{0BC15A21-EE49-42B3-808A-5D4CC2C082F3}.Release|Any CPU.ActiveCfg = Release|Any CPU
		{0BC15A21-EE49-42B3-808A-5D4CC2C082F3}.Release|Any CPU.Build.0 = Release|Any CPU
		{36B65BF4-CE0E-4224-BC24-FF3D037913F0}.Debug|Any CPU.ActiveCfg = Debug|Any CPU
		{36B65BF4-CE0E-4224-BC24-FF3D037913F0}.Debug|Any CPU.Build.0 = Debug|Any CPU
		{36B65BF4-CE0E-4224-BC24-FF3D037913F0}.Release|Any CPU.ActiveCfg = Release|Any CPU
		{36B65BF4-CE0E-4224-BC24-FF3D037913F0}.Release|Any CPU.Build.0 = Release|Any CPU
		{BD519A45-4CA4-4D84-BF84-0BB2C1DD74B7}.Debug|Any CPU.ActiveCfg = Debug|Any CPU
		{BD519A45-4CA4-4D84-BF84-0BB2C1DD74B7}.Debug|Any CPU.Build.0 = Debug|Any CPU
		{BD519A45-4CA4-4D84-BF84-0BB2C1DD74B7}.Release|Any CPU.ActiveCfg = Release|Any CPU
		{BD519A45-4CA4-4D84-BF84-0BB2C1DD74B7}.Release|Any CPU.Build.0 = Release|Any CPU
		{91627425-AFFD-4777-BD64-65E34D1443DC}.Debug|Any CPU.ActiveCfg = Debug|Any CPU
		{91627425-AFFD-4777-BD64-65E34D1443DC}.Debug|Any CPU.Build.0 = Debug|Any CPU
		{91627425-AFFD-4777-BD64-65E34D1443DC}.Release|Any CPU.ActiveCfg = Release|Any CPU
		{91627425-AFFD-4777-BD64-65E34D1443DC}.Release|Any CPU.Build.0 = Release|Any CPU
		{3F7D9E5B-17BD-FD40-723D-C538F43D0577}.Debug|Any CPU.ActiveCfg = Debug|Any CPU
		{3F7D9E5B-17BD-FD40-723D-C538F43D0577}.Debug|Any CPU.Build.0 = Debug|Any CPU
		{3F7D9E5B-17BD-FD40-723D-C538F43D0577}.Release|Any CPU.ActiveCfg = Release|Any CPU
		{3F7D9E5B-17BD-FD40-723D-C538F43D0577}.Release|Any CPU.Build.0 = Release|Any CPU
		{7FF8454D-6DB6-2D04-E9CD-57696214ED40}.Debug|Any CPU.ActiveCfg = Debug|Any CPU
		{7FF8454D-6DB6-2D04-E9CD-57696214ED40}.Debug|Any CPU.Build.0 = Debug|Any CPU
		{7FF8454D-6DB6-2D04-E9CD-57696214ED40}.Release|Any CPU.ActiveCfg = Release|Any CPU
		{7FF8454D-6DB6-2D04-E9CD-57696214ED40}.Release|Any CPU.Build.0 = Release|Any CPU
		{09A68E68-6588-4589-BE0A-9A91D30F970C}.Debug|Any CPU.ActiveCfg = Debug|Any CPU
		{09A68E68-6588-4589-BE0A-9A91D30F970C}.Debug|Any CPU.Build.0 = Debug|Any CPU
		{09A68E68-6588-4589-BE0A-9A91D30F970C}.Release|Any CPU.ActiveCfg = Release|Any CPU
		{09A68E68-6588-4589-BE0A-9A91D30F970C}.Release|Any CPU.Build.0 = Release|Any CPU
	EndGlobalSection
	GlobalSection(SolutionProperties) = preSolution
		HideSolutionNode = FALSE
	EndGlobalSection
	GlobalSection(NestedProjects) = preSolution
		{ECD4B16E-FB5B-6B30-C3A9-43548EACD419} = {36D591C7-65C7-A0D1-1CBC-10CDE441BDC8}
		{76E87AF3-0B18-0CFF-8B67-74D8CAA80F78} = {36D591C7-65C7-A0D1-1CBC-10CDE441BDC8}
		{39A2CD27-4EA9-DE91-F101-524838579051} = {36D591C7-65C7-A0D1-1CBC-10CDE441BDC8}
		{8BD55B4E-FC6C-A5E4-0B0D-8B4F1E1F9629} = {36D591C7-65C7-A0D1-1CBC-10CDE441BDC8}
		{D424079C-2174-026A-3C0B-C81BFA09F32F} = {E555579A-E0BC-475F-A8DC-291C8C6063A9}
		{EC52758D-4FFE-49FA-9CDA-77E17A5F41EC} = {F9DDB888-815D-4C93-8F54-837151B2C0A8}
		{AD90328E-56D0-403D-8952-25FD59F9A391} = {F9DDB888-815D-4C93-8F54-837151B2C0A8}
		{0BC15A21-EE49-42B3-808A-5D4CC2C082F3} = {36D591C7-65C7-A0D1-1CBC-10CDE441BDC8}
		{36B65BF4-CE0E-4224-BC24-FF3D037913F0} = {3A7ABDB3-927B-4D87-8FA3-E08ECD551F4B}
		{BD519A45-4CA4-4D84-BF84-0BB2C1DD74B7} = {3A7ABDB3-927B-4D87-8FA3-E08ECD551F4B}
		{91627425-AFFD-4777-BD64-65E34D1443DC} = {3A7ABDB3-927B-4D87-8FA3-E08ECD551F4B}
		{3F7D9E5B-17BD-FD40-723D-C538F43D0577} = {0978F41C-05D5-461E-8859-6E6798180C9C}
		{7FF8454D-6DB6-2D04-E9CD-57696214ED40} = {A63D58E4-9313-46CC-9510-C710CE8F1D1E}
		{09A68E68-6588-4589-BE0A-9A91D30F970C} = {1DA055F3-D0B5-45ED-9759-276306296952}
	EndGlobalSection
	GlobalSection(ExtensibilityGlobals) = postSolution
		SolutionGuid = {55575D57-40AB-4567-818C-F07168B41718}
	EndGlobalSection
EndGlobal
